// !$*UTF8*$!
{
	archiveVersion = 1;
	classes = {
	};
	objectVersion = 46;
	objects = {

/* Begin PBXBuildFile section */
		5FDDA37619474FB200335D0B /* main.m in Sources */ = {isa = PBXBuildFile; fileRef = 5FDDA37519474FB200335D0B /* main.m */; };
		5FDDA37919474FB200335D0B /* AppDelegate.m in Sources */ = {isa = PBXBuildFile; fileRef = 5FDDA37819474FB200335D0B /* AppDelegate.m */; };
		5FDDA37C19474FB200335D0B /* ViewController.m in Sources */ = {isa = PBXBuildFile; fileRef = 5FDDA37B19474FB200335D0B /* ViewController.m */; };
		5FDDA37F19474FB200335D0B /* Main.storyboard in Resources */ = {isa = PBXBuildFile; fileRef = 5FDDA37D19474FB200335D0B /* Main.storyboard */; };
		5FDDA38119474FB200335D0B /* Images.xcassets in Resources */ = {isa = PBXBuildFile; fileRef = 5FDDA38019474FB200335D0B /* Images.xcassets */; };
		5FDDA38D19474FB200335D0B /* shortyTests.m in Sources */ = {isa = PBXBuildFile; fileRef = 5FDDA38C19474FB200335D0B /* shortyTests.m */; };
/* End PBXBuildFile section */

/* Begin PBXContainerItemProxy section */
		5FDDA38719474FB200335D0B /* PBXContainerItemProxy */ = {
			isa = PBXContainerItemProxy;
			containerPortal = 5FDDA36819474FB200335D0B /* Project object */;
			proxyType = 1;
			remoteGlobalIDString = 5FDDA36F19474FB200335D0B;
			remoteInfo = shorty;
		};
/* End PBXContainerItemProxy section */

/* Begin PBXFileReference section */
		5FDDA37019474FB200335D0B /* shorty.app */ = {isa = PBXFileReference; explicitFileType = wrapper.application; includeInIndex = 0; path = shorty.app; sourceTree = BUILT_PRODUCTS_DIR; };
		5FDDA37419474FB200335D0B /* Info.plist */ = {isa = PBXFileReference; lastKnownFileType = text.plist.xml; path = Info.plist; sourceTree = "<group>"; };
		5FDDA37519474FB200335D0B /* main.m */ = {isa = PBXFileReference; lastKnownFileType = sourcecode.c.objc; path = main.m; sourceTree = "<group>"; };
		5FDDA37719474FB200335D0B /* AppDelegate.h */ = {isa = PBXFileReference; lastKnownFileType = sourcecode.c.h; path = AppDelegate.h; sourceTree = "<group>"; };
		5FDDA37819474FB200335D0B /* AppDelegate.m */ = {isa = PBXFileReference; lastKnownFileType = sourcecode.c.objc; path = AppDelegate.m; sourceTree = "<group>"; };
		5FDDA37A19474FB200335D0B /* ViewController.h */ = {isa = PBXFileReference; lastKnownFileType = sourcecode.c.h; path = ViewController.h; sourceTree = "<group>"; };
		5FDDA37B19474FB200335D0B /* ViewController.m */ = {isa = PBXFileReference; lastKnownFileType = sourcecode.c.objc; path = ViewController.m; sourceTree = "<group>"; };
		5FDDA37E19474FB200335D0B /* Base */ = {isa = PBXFileReference; lastKnownFileType = file.storyboard; name = Base; path = Base.lproj/Main.storyboard; sourceTree = "<group>"; };
		5FDDA38019474FB200335D0B /* Images.xcassets */ = {isa = PBXFileReference; lastKnownFileType = folder.assetcatalog; path = Images.xcassets; sourceTree = "<group>"; };
		5FDDA38619474FB200335D0B /* shortyTests.xctest */ = {isa = PBXFileReference; explicitFileType = wrapper.cfbundle; includeInIndex = 0; path = shortyTests.xctest; sourceTree = BUILT_PRODUCTS_DIR; };
		5FDDA38B19474FB200335D0B /* Info.plist */ = {isa = PBXFileReference; lastKnownFileType = text.plist.xml; path = Info.plist; sourceTree = "<group>"; };
		5FDDA38C19474FB200335D0B /* shortyTests.m */ = {isa = PBXFileReference; lastKnownFileType = sourcecode.c.objc; path = shortyTests.m; sourceTree = "<group>"; };
/* End PBXFileReference section */

/* Begin PBXFrameworksBuildPhase section */
		5FDDA36D19474FB200335D0B /* Frameworks */ = {
			isa = PBXFrameworksBuildPhase;
			buildActionMask = 2147483647;
			files = (
			);
			runOnlyForDeploymentPostprocessing = 0;
		};
		5FDDA38319474FB200335D0B /* Frameworks */ = {
			isa = PBXFrameworksBuildPhase;
			buildActionMask = 2147483647;
			files = (
			);
			runOnlyForDeploymentPostprocessing = 0;
		};
/* End PBXFrameworksBuildPhase section */

/* Begin PBXGroup section */
		5FDDA36719474FB200335D0B = {
			isa = PBXGroup;
			children = (
				5FDDA37219474FB200335D0B /* shorty */,
				5FDDA38919474FB200335D0B /* shortyTests */,
				5FDDA37119474FB200335D0B /* Products */,
			);
			sourceTree = "<group>";
		};
		5FDDA37119474FB200335D0B /* Products */ = {
			isa = PBXGroup;
			children = (
				5FDDA37019474FB200335D0B /* shorty.app */,
				5FDDA38619474FB200335D0B /* shortyTests.xctest */,
			);
			name = Products;
			sourceTree = "<group>";
		};
		5FDDA37219474FB200335D0B /* shorty */ = {
			isa = PBXGroup;
			children = (
				5FDDA37719474FB200335D0B /* AppDelegate.h */,
				5FDDA37819474FB200335D0B /* AppDelegate.m */,
				5FDDA37A19474FB200335D0B /* ViewController.h */,
				5FDDA37B19474FB200335D0B /* ViewController.m */,
				5FDDA37D19474FB200335D0B /* Main.storyboard */,
				5FDDA38019474FB200335D0B /* Images.xcassets */,
				5FDDA37319474FB200335D0B /* Supporting Files */,
			);
			path = shorty;
			sourceTree = "<group>";
		};
		5FDDA37319474FB200335D0B /* Supporting Files */ = {
			isa = PBXGroup;
			children = (
				5FDDA37419474FB200335D0B /* Info.plist */,
				5FDDA37519474FB200335D0B /* main.m */,
			);
			name = "Supporting Files";
			sourceTree = "<group>";
		};
		5FDDA38919474FB200335D0B /* shortyTests */ = {
			isa = PBXGroup;
			children = (
				5FDDA38C19474FB200335D0B /* shortyTests.m */,
				5FDDA38A19474FB200335D0B /* Supporting Files */,
			);
			path = shortyTests;
			sourceTree = "<group>";
		};
		5FDDA38A19474FB200335D0B /* Supporting Files */ = {
			isa = PBXGroup;
			children = (
				5FDDA38B19474FB200335D0B /* Info.plist */,
			);
			name = "Supporting Files";
			sourceTree = "<group>";
		};
/* End PBXGroup section */

/* Begin PBXNativeTarget section */
		5FDDA36F19474FB200335D0B /* shorty */ = {
			isa = PBXNativeTarget;
			buildConfigurationList = 5FDDA39019474FB200335D0B /* Build configuration list for PBXNativeTarget "shorty" */;
			buildPhases = (
				5FDDA36C19474FB200335D0B /* Sources */,
				5FDDA36D19474FB200335D0B /* Frameworks */,
				5FDDA36E19474FB200335D0B /* Resources */,
			);
			buildRules = (
			);
			dependencies = (
			);
			name = shorty;
			productName = shorty;
			productReference = 5FDDA37019474FB200335D0B /* shorty.app */;
			productType = "com.apple.product-type.application";
		};
		5FDDA38519474FB200335D0B /* shortyTests */ = {
			isa = PBXNativeTarget;
			buildConfigurationList = 5FDDA39319474FB200335D0B /* Build configuration list for PBXNativeTarget "shortyTests" */;
			buildPhases = (
				5FDDA38219474FB200335D0B /* Sources */,
				5FDDA38319474FB200335D0B /* Frameworks */,
				5FDDA38419474FB200335D0B /* Resources */,
			);
			buildRules = (
			);
			dependencies = (
				5FDDA38819474FB200335D0B /* PBXTargetDependency */,
			);
			name = shortyTests;
			productName = shortyTests;
			productReference = 5FDDA38619474FB200335D0B /* shortyTests.xctest */;
			productType = "com.apple.product-type.bundle.unit-test";
		};
/* End PBXNativeTarget section */

/* Begin PBXProject section */
		5FDDA36819474FB200335D0B /* Project object */ = {
			isa = PBXProject;
			attributes = {
				LastUpgradeCheck = 0600;
				ORGANIZATIONNAME = "Prasong Techapanyo";
				TargetAttributes = {
					5FDDA36F19474FB200335D0B = {
						CreatedOnToolsVersion = 6.0;
					};
					5FDDA38519474FB200335D0B = {
						CreatedOnToolsVersion = 6.0;
						TestTargetID = 5FDDA36F19474FB200335D0B;
					};
				};
			};
			buildConfigurationList = 5FDDA36B19474FB200335D0B /* Build configuration list for PBXProject "shorty" */;
			compatibilityVersion = "Xcode 3.2";
			developmentRegion = English;
			hasScannedForEncodings = 0;
			knownRegions = (
				en,
				Base,
			);
			mainGroup = 5FDDA36719474FB200335D0B;
			productRefGroup = 5FDDA37119474FB200335D0B /* Products */;
			projectDirPath = "";
			projectRoot = "";
			targets = (
				5FDDA36F19474FB200335D0B /* shorty */,
				5FDDA38519474FB200335D0B /* shortyTests */,
			);
		};
/* End PBXProject section */

/* Begin PBXResourcesBuildPhase section */
		5FDDA36E19474FB200335D0B /* Resources */ = {
			isa = PBXResourcesBuildPhase;
			buildActionMask = 2147483647;
			files = (
				5FDDA37F19474FB200335D0B /* Main.storyboard in Resources */,
				5FDDA38119474FB200335D0B /* Images.xcassets in Resources */,
			);
			runOnlyForDeploymentPostprocessing = 0;
		};
		5FDDA38419474FB200335D0B /* Resources */ = {
			isa = PBXResourcesBuildPhase;
			buildActionMask = 2147483647;
			files = (
			);
			runOnlyForDeploymentPostprocessing = 0;
		};
/* End PBXResourcesBuildPhase section */

/* Begin PBXSourcesBuildPhase section */
		5FDDA36C19474FB200335D0B /* Sources */ = {
			isa = PBXSourcesBuildPhase;
			buildActionMask = 2147483647;
			files = (
				5FDDA37C19474FB200335D0B /* ViewController.m in Sources */,
				5FDDA37919474FB200335D0B /* AppDelegate.m in Sources */,
				5FDDA37619474FB200335D0B /* main.m in Sources */,
			);
			runOnlyForDeploymentPostprocessing = 0;
		};
		5FDDA38219474FB200335D0B /* Sources */ = {
			isa = PBXSourcesBuildPhase;
			buildActionMask = 2147483647;
			files = (
				5FDDA38D19474FB200335D0B /* shortyTests.m in Sources */,
			);
			runOnlyForDeploymentPostprocessing = 0;
		};
/* End PBXSourcesBuildPhase section */

/* Begin PBXTargetDependency section */
		5FDDA38819474FB200335D0B /* PBXTargetDependency */ = {
			isa = PBXTargetDependency;
			target = 5FDDA36F19474FB200335D0B /* shorty */;
			targetProxy = 5FDDA38719474FB200335D0B /* PBXContainerItemProxy */;
		};
/* End PBXTargetDependency section */

/* Begin PBXVariantGroup section */
		5FDDA37D19474FB200335D0B /* Main.storyboard */ = {
			isa = PBXVariantGroup;
			children = (
				5FDDA37E19474FB200335D0B /* Base */,
			);
			name = Main.storyboard;
			sourceTree = "<group>";
		};
/* End PBXVariantGroup section */

/* Begin XCBuildConfiguration section */
		5FDDA38E19474FB200335D0B /* Debug */ = {
			isa = XCBuildConfiguration;
			buildSettings = {
				ALWAYS_SEARCH_USER_PATHS = NO;
				CLANG_CXX_LANGUAGE_STANDARD = "gnu++0x";
				CLANG_CXX_LIBRARY = "libc++";
				CLANG_ENABLE_MODULES = YES;
				CLANG_ENABLE_OBJC_ARC = YES;
				CLANG_WARN_BOOL_CONVERSION = YES;
				CLANG_WARN_CONSTANT_CONVERSION = YES;
				CLANG_WARN_DIRECT_OBJC_ISA_USAGE = YES_ERROR;
				CLANG_WARN_EMPTY_BODY = YES;
				CLANG_WARN_ENUM_CONVERSION = YES;
				CLANG_WARN_INT_CONVERSION = YES;
				CLANG_WARN_OBJC_ROOT_CLASS = YES_ERROR;
				CLANG_WARN_UNREACHABLE_CODE = YES;
				CLANG_WARN__DUPLICATE_METHOD_MATCH = YES;
				"CODE_SIGN_IDENTITY[sdk=iphoneos*]" = "iPhone Developer";
				COPY_PHASE_STRIP = NO;
				ENABLE_STRICT_OBJC_MSGSEND = YES;
				GCC_C_LANGUAGE_STANDARD = gnu99;
				GCC_DYNAMIC_NO_PIC = NO;
				GCC_OPTIMIZATION_LEVEL = 0;
				GCC_PREPROCESSOR_DEFINITIONS = (
					"DEBUG=1",
					"$(inherited)",
				);
				GCC_SYMBOLS_PRIVATE_EXTERN = NO;
				GCC_WARN_64_TO_32_BIT_CONVERSION = YES;
				GCC_WARN_ABOUT_RETURN_TYPE = YES_ERROR;
				GCC_WARN_UNDECLARED_SELECTOR = YES;
				GCC_WARN_UNINITIALIZED_AUTOS = YES_AGGRESSIVE;
				GCC_WARN_UNUSED_FUNCTION = YES;
				GCC_WARN_UNUSED_VARIABLE = YES;
				IPHONEOS_DEPLOYMENT_TARGET = 8.0;
				METAL_ENABLE_DEBUG_INFO = YES;
				ONLY_ACTIVE_ARCH = YES;
				SDKROOT = iphoneos;
				TARGETED_DEVICE_FAMILY = "1,2";
			};
			name = Debug;
		};
		5FDDA38F19474FB200335D0B /* Release */ = {
			isa = XCBuildConfiguration;
			buildSettings = {
				ALWAYS_SEARCH_USER_PATHS = NO;
				CLANG_CXX_LANGUAGE_STANDARD = "gnu++0x";
				CLANG_CXX_LIBRARY = "libc++";
				CLANG_ENABLE_MODULES = YES;
				CLANG_ENABLE_OBJC_ARC = YES;
				CLANG_WARN_BOOL_CONVERSION = YES;
				CLANG_WARN_CONSTANT_CONVERSION = YES;
				CLANG_WARN_DIRECT_OBJC_ISA_USAGE = YES_ERROR;
				CLANG_WARN_EMPTY_BODY = YES;
				CLANG_WARN_ENUM_CONVERSION = YES;
				CLANG_WARN_INT_CONVERSION = YES;
				CLANG_WARN_OBJC_ROOT_CLASS = YES_ERROR;
				CLANG_WARN_UNREACHABLE_CODE = YES;
				CLANG_WARN__DUPLICATE_METHOD_MATCH = YES;
				"CODE_SIGN_IDENTITY[sdk=iphoneos*]" = "iPhone Developer";
				COPY_PHASE_STRIP = YES;
				ENABLE_NS_ASSERTIONS = NO;
				ENABLE_STRICT_OBJC_MSGSEND = YES;
				GCC_C_LANGUAGE_STANDARD = gnu99;
				GCC_WARN_64_TO_32_BIT_CONVERSION = YES;
				GCC_WARN_ABOUT_RETURN_TYPE = YES_ERROR;
				GCC_WARN_UNDECLARED_SELECTOR = YES;
				GCC_WARN_UNINITIALIZED_AUTOS = YES_AGGRESSIVE;
				GCC_WARN_UNUSED_FUNCTION = YES;
				GCC_WARN_UNUSED_VARIABLE = YES;
				IPHONEOS_DEPLOYMENT_TARGET = 8.0;
				METAL_ENABLE_DEBUG_INFO = NO;
				SDKROOT = iphoneos;
				TARGETED_DEVICE_FAMILY = "1,2";
				VALIDATE_PRODUCT = YES;
			};
			name = Release;
		};
		5FDDA39119474FB200335D0B /* Debug */ = {
			isa = XCBuildConfiguration;
			buildSettings = {
				ASSETCATALOG_COMPILER_APPICON_NAME = AppIcon;
				ASSETCATALOG_COMPILER_LAUNCHIMAGE_NAME = LaunchImage;
				INFOPLIST_FILE = shorty/Info.plist;
				LD_RUNPATH_SEARCH_PATHS = "$(inherited) @executable_path/Frameworks";
				PRODUCT_NAME = "$(TARGET_NAME)";
			};
			name = Debug;
		};
		5FDDA39219474FB200335D0B /* Release */ = {
			isa = XCBuildConfiguration;
			buildSettings = {
				ASSETCATALOG_COMPILER_APPICON_NAME = AppIcon;
				ASSETCATALOG_COMPILER_LAUNCHIMAGE_NAME = LaunchImage;
				INFOPLIST_FILE = shorty/Info.plist;
				LD_RUNPATH_SEARCH_PATHS = "$(inherited) @executable_path/Frameworks";
				PRODUCT_NAME = "$(TARGET_NAME)";
			};
			name = Release;
		};
		5FDDA39419474FB200335D0B /* Debug */ = {
			isa = XCBuildConfiguration;
			buildSettings = {
				BUNDLE_LOADER = "$(BUILT_PRODUCTS_DIR)/shorty.app/shorty";
				FRAMEWORK_SEARCH_PATHS = (
					"$(SDKROOT)/Developer/Library/Frameworks",
					"$(inherited)",
				);
				GCC_PREPROCESSOR_DEFINITIONS = (
					"DEBUG=1",
					"$(inherited)",
				);
				INFOPLIST_FILE = shortyTests/Info.plist;
				LD_RUNPATH_SEARCH_PATHS = "$(inherited) @executable_path/Frameworks @loader_path/Frameworks";
				METAL_ENABLE_DEBUG_INFO = YES;
				PRODUCT_NAME = "$(TARGET_NAME)";
				TEST_HOST = "$(BUNDLE_LOADER)";
			};
			name = Debug;
		};
		5FDDA39519474FB200335D0B /* Release */ = {
			isa = XCBuildConfiguration;
			buildSettings = {
				BUNDLE_LOADER = "$(BUILT_PRODUCTS_DIR)/shorty.app/shorty";
				FRAMEWORK_SEARCH_PATHS = (
					"$(SDKROOT)/Developer/Library/Frameworks",
					"$(inherited)",
				);
				INFOPLIST_FILE = shortyTests/Info.plist;
				LD_RUNPATH_SEARCH_PATHS = "$(inherited) @executable_path/Frameworks @loader_path/Frameworks";
				METAL_ENABLE_DEBUG_INFO = NO;
				PRODUCT_NAME = "$(TARGET_NAME)";
				TEST_HOST = "$(BUNDLE_LOADER)";
			};
			name = Release;
		};
/* End XCBuildConfiguration section */

/* Begin XCConfigurationList section */
		5FDDA36B19474FB200335D0B /* Build configuration list for PBXProject "shorty" */ = {
			isa = XCConfigurationList;
			buildConfigurations = (
				5FDDA38E19474FB200335D0B /* Debug */,
				5FDDA38F19474FB200335D0B /* Release */,
			);
			defaultConfigurationIsVisible = 0;
			defaultConfigurationName = Release;
		};
		5FDDA39019474FB200335D0B /* Build configuration list for PBXNativeTarget "shorty" */ = {
			isa = XCConfigurationList;
			buildConfigurations = (
				5FDDA39119474FB200335D0B /* Debug */,
				5FDDA39219474FB200335D0B /* Release */,
			);
			defaultConfigurationIsVisible = 0;
		};
		5FDDA39319474FB200335D0B /* Build configuration list for PBXNativeTarget "shortyTests" */ = {
			isa = XCConfigurationList;
			buildConfigurations = (
				5FDDA39419474FB200335D0B /* Debug */,
				5FDDA39519474FB200335D0B /* Release */,
			);
			defaultConfigurationIsVisible = 0;
		};
/* End XCConfigurationList section */
	};
	rootObject = 5FDDA36819474FB200335D0B /* Project object */;
}
