// !$*UTF8*$!
{
	archiveVersion = 1;
	classes = {
	};
	objectVersion = 46;
	objects = {

/* Begin PBXBuildFile section */
		5F953BA9194C809600F86FBB /* main.m in Sources */ = {isa = PBXBuildFile; fileRef = 5F953BA8194C809600F86FBB /* main.m */; };
		5F953BAC194C809600F86FBB /* AppDelegate.m in Sources */ = {isa = PBXBuildFile; fileRef = 5F953BAB194C809600F86FBB /* AppDelegate.m */; };
		5F953BAF194C809600F86FBB /* ViewController.m in Sources */ = {isa = PBXBuildFile; fileRef = 5F953BAE194C809600F86FBB /* ViewController.m */; };
		5F953BB2194C809600F86FBB /* Main.storyboard in Resources */ = {isa = PBXBuildFile; fileRef = 5F953BB0194C809600F86FBB /* Main.storyboard */; };
		5F953BB4194C809600F86FBB /* Images.xcassets in Resources */ = {isa = PBXBuildFile; fileRef = 5F953BB3194C809600F86FBB /* Images.xcassets */; };
		5F953BC0194C809600F86FBB /* shortyTests.m in Sources */ = {isa = PBXBuildFile; fileRef = 5F953BBF194C809600F86FBB /* shortyTests.m */; };
/* End PBXBuildFile section */

/* Begin PBXContainerItemProxy section */
		5F953BBA194C809600F86FBB /* PBXContainerItemProxy */ = {
			isa = PBXContainerItemProxy;
			containerPortal = 5F953B9B194C809600F86FBB /* Project object */;
			proxyType = 1;
			remoteGlobalIDString = 5F953BA2194C809600F86FBB;
			remoteInfo = shorty;
		};
/* End PBXContainerItemProxy section */

/* Begin PBXFileReference section */
		5F953BA3194C809600F86FBB /* shorty.app */ = {isa = PBXFileReference; explicitFileType = wrapper.application; includeInIndex = 0; path = shorty.app; sourceTree = BUILT_PRODUCTS_DIR; };
		5F953BA7194C809600F86FBB /* Info.plist */ = {isa = PBXFileReference; lastKnownFileType = text.plist.xml; path = Info.plist; sourceTree = "<group>"; };
		5F953BA8194C809600F86FBB /* main.m */ = {isa = PBXFileReference; lastKnownFileType = sourcecode.c.objc; path = main.m; sourceTree = "<group>"; };
		5F953BAA194C809600F86FBB /* AppDelegate.h */ = {isa = PBXFileReference; lastKnownFileType = sourcecode.c.h; path = AppDelegate.h; sourceTree = "<group>"; };
		5F953BAB194C809600F86FBB /* AppDelegate.m */ = {isa = PBXFileReference; lastKnownFileType = sourcecode.c.objc; path = AppDelegate.m; sourceTree = "<group>"; };
		5F953BAD194C809600F86FBB /* ViewController.h */ = {isa = PBXFileReference; lastKnownFileType = sourcecode.c.h; path = ViewController.h; sourceTree = "<group>"; };
		5F953BAE194C809600F86FBB /* ViewController.m */ = {isa = PBXFileReference; lastKnownFileType = sourcecode.c.objc; path = ViewController.m; sourceTree = "<group>"; };
		5F953BB1194C809600F86FBB /* Base */ = {isa = PBXFileReference; lastKnownFileType = file.storyboard; name = Base; path = Base.lproj/Main.storyboard; sourceTree = "<group>"; };
		5F953BB3194C809600F86FBB /* Images.xcassets */ = {isa = PBXFileReference; lastKnownFileType = folder.assetcatalog; path = Images.xcassets; sourceTree = "<group>"; };
		5F953BB9194C809600F86FBB /* shortyTests.xctest */ = {isa = PBXFileReference; explicitFileType = wrapper.cfbundle; includeInIndex = 0; path = shortyTests.xctest; sourceTree = BUILT_PRODUCTS_DIR; };
		5F953BBE194C809600F86FBB /* Info.plist */ = {isa = PBXFileReference; lastKnownFileType = text.plist.xml; path = Info.plist; sourceTree = "<group>"; };
		5F953BBF194C809600F86FBB /* shortyTests.m */ = {isa = PBXFileReference; lastKnownFileType = sourcecode.c.objc; path = shortyTests.m; sourceTree = "<group>"; };
/* End PBXFileReference section */

/* Begin PBXFrameworksBuildPhase section */
		5F953BA0194C809600F86FBB /* Frameworks */ = {
			isa = PBXFrameworksBuildPhase;
			buildActionMask = 2147483647;
			files = (
			);
			runOnlyForDeploymentPostprocessing = 0;
		};
		5F953BB6194C809600F86FBB /* Frameworks */ = {
			isa = PBXFrameworksBuildPhase;
			buildActionMask = 2147483647;
			files = (
			);
			runOnlyForDeploymentPostprocessing = 0;
		};
/* End PBXFrameworksBuildPhase section */

/* Begin PBXGroup section */
		5F953B9A194C809600F86FBB = {
			isa = PBXGroup;
			children = (
				5F953BA5194C809600F86FBB /* shorty */,
				5F953BBC194C809600F86FBB /* shortyTests */,
				5F953BA4194C809600F86FBB /* Products */,
			);
			sourceTree = "<group>";
		};
		5F953BA4194C809600F86FBB /* Products */ = {
			isa = PBXGroup;
			children = (
				5F953BA3194C809600F86FBB /* shorty.app */,
				5F953BB9194C809600F86FBB /* shortyTests.xctest */,
			);
			name = Products;
			sourceTree = "<group>";
		};
		5F953BA5194C809600F86FBB /* shorty */ = {
			isa = PBXGroup;
			children = (
				5F953BAA194C809600F86FBB /* AppDelegate.h */,
				5F953BAB194C809600F86FBB /* AppDelegate.m */,
				5F953BAD194C809600F86FBB /* ViewController.h */,
				5F953BAE194C809600F86FBB /* ViewController.m */,
				5F953BB0194C809600F86FBB /* Main.storyboard */,
				5F953BB3194C809600F86FBB /* Images.xcassets */,
				5F953BA6194C809600F86FBB /* Supporting Files */,
			);
			path = shorty;
			sourceTree = "<group>";
		};
		5F953BA6194C809600F86FBB /* Supporting Files */ = {
			isa = PBXGroup;
			children = (
				5F953BA7194C809600F86FBB /* Info.plist */,
				5F953BA8194C809600F86FBB /* main.m */,
			);
			name = "Supporting Files";
			sourceTree = "<group>";
		};
		5F953BBC194C809600F86FBB /* shortyTests */ = {
			isa = PBXGroup;
			children = (
				5F953BBF194C809600F86FBB /* shortyTests.m */,
				5F953BBD194C809600F86FBB /* Supporting Files */,
			);
			path = shortyTests;
			sourceTree = "<group>";
		};
		5F953BBD194C809600F86FBB /* Supporting Files */ = {
			isa = PBXGroup;
			children = (
				5F953BBE194C809600F86FBB /* Info.plist */,
			);
			name = "Supporting Files";
			sourceTree = "<group>";
		};
/* End PBXGroup section */

/* Begin PBXNativeTarget section */
		5F953BA2194C809600F86FBB /* shorty */ = {
			isa = PBXNativeTarget;
			buildConfigurationList = 5F953BC3194C809600F86FBB /* Build configuration list for PBXNativeTarget "shorty" */;
			buildPhases = (
				5F953B9F194C809600F86FBB /* Sources */,
				5F953BA0194C809600F86FBB /* Frameworks */,
				5F953BA1194C809600F86FBB /* Resources */,
			);
			buildRules = (
			);
			dependencies = (
			);
			name = shorty;
			productName = shorty;
			productReference = 5F953BA3194C809600F86FBB /* shorty.app */;
			productType = "com.apple.product-type.application";
		};
		5F953BB8194C809600F86FBB /* shortyTests */ = {
			isa = PBXNativeTarget;
			buildConfigurationList = 5F953BC6194C809600F86FBB /* Build configuration list for PBXNativeTarget "shortyTests" */;
			buildPhases = (
				5F953BB5194C809600F86FBB /* Sources */,
				5F953BB6194C809600F86FBB /* Frameworks */,
				5F953BB7194C809600F86FBB /* Resources */,
			);
			buildRules = (
			);
			dependencies = (
				5F953BBB194C809600F86FBB /* PBXTargetDependency */,
			);
			name = shortyTests;
			productName = shortyTests;
			productReference = 5F953BB9194C809600F86FBB /* shortyTests.xctest */;
			productType = "com.apple.product-type.bundle.unit-test";
		};
/* End PBXNativeTarget section */

/* Begin PBXProject section */
		5F953B9B194C809600F86FBB /* Project object */ = {
			isa = PBXProject;
			attributes = {
				LastUpgradeCheck = 0600;
				ORGANIZATIONNAME = "Prasong Techapanyo";
				TargetAttributes = {
					5F953BA2194C809600F86FBB = {
						CreatedOnToolsVersion = 6.0;
					};
					5F953BB8194C809600F86FBB = {
						CreatedOnToolsVersion = 6.0;
						TestTargetID = 5F953BA2194C809600F86FBB;
					};
				};
			};
			buildConfigurationList = 5F953B9E194C809600F86FBB /* Build configuration list for PBXProject "shorty" */;
			compatibilityVersion = "Xcode 3.2";
			developmentRegion = English;
			hasScannedForEncodings = 0;
			knownRegions = (
				en,
				Base,
			);
			mainGroup = 5F953B9A194C809600F86FBB;
			productRefGroup = 5F953BA4194C809600F86FBB /* Products */;
			projectDirPath = "";
			projectRoot = "";
			targets = (
				5F953BA2194C809600F86FBB /* shorty */,
				5F953BB8194C809600F86FBB /* shortyTests */,
			);
		};
/* End PBXProject section */

/* Begin PBXResourcesBuildPhase section */
		5F953BA1194C809600F86FBB /* Resources */ = {
			isa = PBXResourcesBuildPhase;
			buildActionMask = 2147483647;
			files = (
				5F953BB2194C809600F86FBB /* Main.storyboard in Resources */,
				5F953BB4194C809600F86FBB /* Images.xcassets in Resources */,
			);
			runOnlyForDeploymentPostprocessing = 0;
		};
		5F953BB7194C809600F86FBB /* Resources */ = {
			isa = PBXResourcesBuildPhase;
			buildActionMask = 2147483647;
			files = (
			);
			runOnlyForDeploymentPostprocessing = 0;
		};
/* End PBXResourcesBuildPhase section */

/* Begin PBXSourcesBuildPhase section */
		5F953B9F194C809600F86FBB /* Sources */ = {
			isa = PBXSourcesBuildPhase;
			buildActionMask = 2147483647;
			files = (
				5F953BAF194C809600F86FBB /* ViewController.m in Sources */,
				5F953BAC194C809600F86FBB /* AppDelegate.m in Sources */,
				5F953BA9194C809600F86FBB /* main.m in Sources */,
			);
			runOnlyForDeploymentPostprocessing = 0;
		};
		5F953BB5194C809600F86FBB /* Sources */ = {
			isa = PBXSourcesBuildPhase;
			buildActionMask = 2147483647;
			files = (
				5F953BC0194C809600F86FBB /* shortyTests.m in Sources */,
			);
			runOnlyForDeploymentPostprocessing = 0;
		};
/* End PBXSourcesBuildPhase section */

/* Begin PBXTargetDependency section */
		5F953BBB194C809600F86FBB /* PBXTargetDependency */ = {
			isa = PBXTargetDependency;
			target = 5F953BA2194C809600F86FBB /* shorty */;
			targetProxy = 5F953BBA194C809600F86FBB /* PBXContainerItemProxy */;
		};
/* End PBXTargetDependency section */

/* Begin PBXVariantGroup section */
		5F953BB0194C809600F86FBB /* Main.storyboard */ = {
			isa = PBXVariantGroup;
			children = (
				5F953BB1194C809600F86FBB /* Base */,
			);
			name = Main.storyboard;
			sourceTree = "<group>";
		};
/* End PBXVariantGroup section */

/* Begin XCBuildConfiguration section */
		5F953BC1194C809600F86FBB /* Debug */ = {
			isa = XCBuildConfiguration;
			buildSettings = {
				ALWAYS_SEARCH_USER_PATHS = NO;
				CLANG_CXX_LANGUAGE_STANDARD = "gnu++0x";
				CLANG_CXX_LIBRARY = "libc++";
				CLANG_ENABLE_MODULES = YES;
				CLANG_ENABLE_OBJC_ARC = YES;
				CLANG_WARN_BOOL_CONVERSION = YES;
				CLANG_WARN_CONSTANT_CONVERSION = YES;
				CLANG_WARN_DIRECT_OBJC_ISA_USAGE = YES_ERROR;
				CLANG_WARN_EMPTY_BODY = YES;
				CLANG_WARN_ENUM_CONVERSION = YES;
				CLANG_WARN_INT_CONVERSION = YES;
				CLANG_WARN_OBJC_ROOT_CLASS = YES_ERROR;
				CLANG_WARN_UNREACHABLE_CODE = YES;
				CLANG_WARN__DUPLICATE_METHOD_MATCH = YES;
				"CODE_SIGN_IDENTITY[sdk=iphoneos*]" = "iPhone Developer";
				COPY_PHASE_STRIP = NO;
				ENABLE_STRICT_OBJC_MSGSEND = YES;
				GCC_C_LANGUAGE_STANDARD = gnu99;
				GCC_DYNAMIC_NO_PIC = NO;
				GCC_OPTIMIZATION_LEVEL = 0;
				GCC_PREPROCESSOR_DEFINITIONS = (
					"DEBUG=1",
					"$(inherited)",
				);
				GCC_SYMBOLS_PRIVATE_EXTERN = NO;
				GCC_WARN_64_TO_32_BIT_CONVERSION = YES;
				GCC_WARN_ABOUT_RETURN_TYPE = YES_ERROR;
				GCC_WARN_UNDECLARED_SELECTOR = YES;
				GCC_WARN_UNINITIALIZED_AUTOS = YES_AGGRESSIVE;
				GCC_WARN_UNUSED_FUNCTION = YES;
				GCC_WARN_UNUSED_VARIABLE = YES;
				IPHONEOS_DEPLOYMENT_TARGET = 8.0;
				METAL_ENABLE_DEBUG_INFO = YES;
				ONLY_ACTIVE_ARCH = YES;
				SDKROOT = iphoneos;
				TARGETED_DEVICE_FAMILY = "1,2";
			};
			name = Debug;
		};
		5F953BC2194C809600F86FBB /* Release */ = {
			isa = XCBuildConfiguration;
			buildSettings = {
				ALWAYS_SEARCH_USER_PATHS = NO;
				CLANG_CXX_LANGUAGE_STANDARD = "gnu++0x";
				CLANG_CXX_LIBRARY = "libc++";
				CLANG_ENABLE_MODULES = YES;
				CLANG_ENABLE_OBJC_ARC = YES;
				CLANG_WARN_BOOL_CONVERSION = YES;
				CLANG_WARN_CONSTANT_CONVERSION = YES;
				CLANG_WARN_DIRECT_OBJC_ISA_USAGE = YES_ERROR;
				CLANG_WARN_EMPTY_BODY = YES;
				CLANG_WARN_ENUM_CONVERSION = YES;
				CLANG_WARN_INT_CONVERSION = YES;
				CLANG_WARN_OBJC_ROOT_CLASS = YES_ERROR;
				CLANG_WARN_UNREACHABLE_CODE = YES;
				CLANG_WARN__DUPLICATE_METHOD_MATCH = YES;
				"CODE_SIGN_IDENTITY[sdk=iphoneos*]" = "iPhone Developer";
				COPY_PHASE_STRIP = YES;
				ENABLE_NS_ASSERTIONS = NO;
				ENABLE_STRICT_OBJC_MSGSEND = YES;
				GCC_C_LANGUAGE_STANDARD = gnu99;
				GCC_WARN_64_TO_32_BIT_CONVERSION = YES;
				GCC_WARN_ABOUT_RETURN_TYPE = YES_ERROR;
				GCC_WARN_UNDECLARED_SELECTOR = YES;
				GCC_WARN_UNINITIALIZED_AUTOS = YES_AGGRESSIVE;
				GCC_WARN_UNUSED_FUNCTION = YES;
				GCC_WARN_UNUSED_VARIABLE = YES;
				IPHONEOS_DEPLOYMENT_TARGET = 8.0;
				METAL_ENABLE_DEBUG_INFO = NO;
				SDKROOT = iphoneos;
				TARGETED_DEVICE_FAMILY = "1,2";
				VALIDATE_PRODUCT = YES;
			};
			name = Release;
		};
		5F953BC4194C809600F86FBB /* Debug */ = {
			isa = XCBuildConfiguration;
			buildSettings = {
				ASSETCATALOG_COMPILER_APPICON_NAME = AppIcon;
				ASSETCATALOG_COMPILER_LAUNCHIMAGE_NAME = LaunchImage;
				INFOPLIST_FILE = shorty/Info.plist;
				IPHONEOS_DEPLOYMENT_TARGET = 7.1;
				LD_RUNPATH_SEARCH_PATHS = "$(inherited) @executable_path/Frameworks";
				PRODUCT_NAME = "$(TARGET_NAME)";
			};
			name = Debug;
		};
		5F953BC5194C809600F86FBB /* Release */ = {
			isa = XCBuildConfiguration;
			buildSettings = {
				ASSETCATALOG_COMPILER_APPICON_NAME = AppIcon;
				ASSETCATALOG_COMPILER_LAUNCHIMAGE_NAME = LaunchImage;
				INFOPLIST_FILE = shorty/Info.plist;
				IPHONEOS_DEPLOYMENT_TARGET = 7.1;
				LD_RUNPATH_SEARCH_PATHS = "$(inherited) @executable_path/Frameworks";
				PRODUCT_NAME = "$(TARGET_NAME)";
			};
			name = Release;
		};
		5F953BC7194C809600F86FBB /* Debug */ = {
			isa = XCBuildConfiguration;
			buildSettings = {
				BUNDLE_LOADER = "$(BUILT_PRODUCTS_DIR)/shorty.app/shorty";
				FRAMEWORK_SEARCH_PATHS = (
					"$(SDKROOT)/Developer/Library/Frameworks",
					"$(inherited)",
				);
				GCC_PREPROCESSOR_DEFINITIONS = (
					"DEBUG=1",
					"$(inherited)",
				);
				INFOPLIST_FILE = shortyTests/Info.plist;
				LD_RUNPATH_SEARCH_PATHS = "$(inherited) @executable_path/Frameworks @loader_path/Frameworks";
				METAL_ENABLE_DEBUG_INFO = YES;
				PRODUCT_NAME = "$(TARGET_NAME)";
				TEST_HOST = "$(BUNDLE_LOADER)";
			};
			name = Debug;
		};
		5F953BC8194C809600F86FBB /* Release */ = {
			isa = XCBuildConfiguration;
			buildSettings = {
				BUNDLE_LOADER = "$(BUILT_PRODUCTS_DIR)/shorty.app/shorty";
				FRAMEWORK_SEARCH_PATHS = (
					"$(SDKROOT)/Developer/Library/Frameworks",
					"$(inherited)",
				);
				INFOPLIST_FILE = shortyTests/Info.plist;
				LD_RUNPATH_SEARCH_PATHS = "$(inherited) @executable_path/Frameworks @loader_path/Frameworks";
				METAL_ENABLE_DEBUG_INFO = NO;
				PRODUCT_NAME = "$(TARGET_NAME)";
				TEST_HOST = "$(BUNDLE_LOADER)";
			};
			name = Release;
		};
/* End XCBuildConfiguration section */

/* Begin XCConfigurationList section */
		5F953B9E194C809600F86FBB /* Build configuration list for PBXProject "shorty" */ = {
			isa = XCConfigurationList;
			buildConfigurations = (
				5F953BC1194C809600F86FBB /* Debug */,
				5F953BC2194C809600F86FBB /* Release */,
			);
			defaultConfigurationIsVisible = 0;
			defaultConfigurationName = Release;
		};
		5F953BC3194C809600F86FBB /* Build configuration list for PBXNativeTarget "shorty" */ = {
			isa = XCConfigurationList;
			buildConfigurations = (
				5F953BC4194C809600F86FBB /* Debug */,
				5F953BC5194C809600F86FBB /* Release */,
			);
			defaultConfigurationIsVisible = 0;
		};
		5F953BC6194C809600F86FBB /* Build configuration list for PBXNativeTarget "shortyTests" */ = {
			isa = XCConfigurationList;
			buildConfigurations = (
				5F953BC7194C809600F86FBB /* Debug */,
				5F953BC8194C809600F86FBB /* Release */,
			);
			defaultConfigurationIsVisible = 0;
		};
/* End XCConfigurationList section */
	};
	rootObject = 5F953B9B194C809600F86FBB /* Project object */;
}
